
Microsoft Visual Studio Solution File, Format Version 12.00
# Visual Studio Version 16
VisualStudioVersion = 16.0.31205.134
MinimumVisualStudioVersion = 10.0.40219.1
Project("{9A19103F-16F7-4668-BE54-9A1E7A4F7556}") = "rtcw_secret", "rtcw_secret\rtcw_secret.csproj", "{0F7B046D-EE54-462B-B84C-A01FD5DB53A4}"
EndProject
Global
	GlobalSection(SolutionConfigurationPlatforms) = preSolution
		Debug|Any CPU = Debug|Any CPU
		Debug|x86 = Debug|x86
		Release|Any CPU = Release|Any CPU
		Release|x86 = Release|x86
	EndGlobalSection
	GlobalSection(ProjectConfigurationPlatforms) = postSolution
		{0F7B046D-EE54-462B-B84C-A01FD5DB53A4}.Debug|Any CPU.ActiveCfg = Debug|Any CPU
		{0F7B046D-EE54-462B-B84C-A01FD5DB53A4}.Debug|Any CPU.Build.0 = Debug|Any CPU
		{0F7B046D-EE54-462B-B84C-A01FD5DB53A4}.Debug|x86.ActiveCfg = Debug|x86
		{0F7B046D-EE54-462B-B84C-A01FD5DB53A4}.Debug|x86.Build.0 = Debug|x86
		{0F7B046D-EE54-462B-B84C-A01FD5DB53A4}.Release|Any CPU.ActiveCfg = Debug|Any CPU
		{0F7B046D-EE54-462B-B84C-A01FD5DB53A4}.Release|Any CPU.Build.0 = Debug|Any CPU
		{0F7B046D-EE54-462B-B84C-A01FD5DB53A4}.Release|x86.ActiveCfg = Release|x86
		{0F7B046D-EE54-462B-B84C-A01FD5DB53A4}.Release|x86.Build.0 = Release|x86
	EndGlobalSection
	GlobalSection(SolutionProperties) = preSolution
		HideSolutionNode = FALSE
	EndGlobalSection
	GlobalSection(ExtensibilityGlobals) = postSolution
		SolutionGuid = {0EECC0BE-CA25-47D1-988E-BB302AFFBA11}
	EndGlobalSection
EndGlobal
